
Microsoft Visual Studio Solution File, Format Version 12.00
# Visual Studio Version 17
VisualStudioVersion = 17.7.34221.43
MinimumVisualStudioVersion = 10.0.40219.1
Project("{F184B08F-C81C-45F6-A57F-5ABD9991F28F}") = "CS_Week9_Lec1", "CS_Week9_Lec1\CS_Week9_Lec1.vbproj", "{CE6130B4-B68F-4E5F-83F7-B11F1260149F}"
EndProject
Global
	GlobalSection(SolutionConfigurationPlatforms) = preSolution
		Debug|Any CPU = Debug|Any CPU
		Release|Any CPU = Release|Any CPU
	EndGlobalSection
	GlobalSection(ProjectConfigurationPlatforms) = postSolution
		{CE6130B4-B68F-4E5F-83F7-B11F1260149F}.Debug|Any CPU.ActiveCfg = Debug|Any CPU
		{CE6130B4-B68F-4E5F-83F7-B11F1260149F}.Debug|Any CPU.Build.0 = Debug|Any CPU
		{CE6130B4-B68F-4E5F-83F7-B11F1260149F}.Release|Any CPU.ActiveCfg = Release|Any CPU
		{CE6130B4-B68F-4E5F-83F7-B11F1260149F}.Release|Any CPU.Build.0 = Release|Any CPU
	EndGlobalSection
	GlobalSection(SolutionProperties) = preSolution
		HideSolutionNode = FALSE
	EndGlobalSection
	GlobalSection(ExtensibilityGlobals) = postSolution
		SolutionGuid = {C021F239-A16E-4B6F-A914-7706A7E5918B}
	EndGlobalSection
EndGlobal
