
Microsoft Visual Studio Solution File, Format Version 12.00
# Visual Studio Version 17
VisualStudioVersion = 17.7.34202.233
MinimumVisualStudioVersion = 10.0.40219.1
Project("{F184B08F-C81C-45F6-A57F-5ABD9991F28F}") = "Loop VB", "Loop VB\Loop VB.vbproj", "{A298F5F5-D963-4886-B997-7C5BBC833015}"
EndProject
Global
	GlobalSection(SolutionConfigurationPlatforms) = preSolution
		Debug|Any CPU = Debug|Any CPU
		Release|Any CPU = Release|Any CPU
	EndGlobalSection
	GlobalSection(ProjectConfigurationPlatforms) = postSolution
		{A298F5F5-D963-4886-B997-7C5BBC833015}.Debug|Any CPU.ActiveCfg = Debug|Any CPU
		{A298F5F5-D963-4886-B997-7C5BBC833015}.Debug|Any CPU.Build.0 = Debug|Any CPU
		{A298F5F5-D963-4886-B997-7C5BBC833015}.Release|Any CPU.ActiveCfg = Release|Any CPU
		{A298F5F5-D963-4886-B997-7C5BBC833015}.Release|Any CPU.Build.0 = Release|Any CPU
	EndGlobalSection
	GlobalSection(SolutionProperties) = preSolution
		HideSolutionNode = FALSE
	EndGlobalSection
	GlobalSection(ExtensibilityGlobals) = postSolution
		SolutionGuid = {1E84B505-E69C-43DA-87E7-5096E535606D}
	EndGlobalSection
EndGlobal
